
Microsoft Visual Studio Solution File, Format Version 12.00
# Visual Studio Version 17
VisualStudioVersion = 17.11.35327.3
MinimumVisualStudioVersion = 10.0.40219.1
Project("{9A19103F-16F7-4668-BE54-9A1E7A4F7556}") = "NewsAggregator.Server", "NewsAggregator.Server.csproj", "{3C20BA7F-6C9C-466B-BC9A-541E02E1AD06}"
EndProject
Project("{FAE04EC0-301F-11D3-BF4B-00C04F79EFBC}") = "NewsNotifierClient", "..\NewsNotifierClient\NewsNotifierClient.csproj", "{BA86FC6E-D804-4416-9E9B-79205CF6C9DE}"
EndProject
Global
	GlobalSection(SolutionConfigurationPlatforms) = preSolution
		Debug|Any CPU = Debug|Any CPU
		Release|Any CPU = Release|Any CPU
	EndGlobalSection
	GlobalSection(ProjectConfigurationPlatforms) = postSolution
		{3C20BA7F-6C9C-466B-BC9A-541E02E1AD06}.Debug|Any CPU.ActiveCfg = Debug|Any CPU
		{3C20BA7F-6C9C-466B-BC9A-541E02E1AD06}.Debug|Any CPU.Build.0 = Debug|Any CPU
		{3C20BA7F-6C9C-466B-BC9A-541E02E1AD06}.Release|Any CPU.ActiveCfg = Release|Any CPU
		{3C20BA7F-6C9C-466B-BC9A-541E02E1AD06}.Release|Any CPU.Build.0 = Release|Any CPU
		{BA86FC6E-D804-4416-9E9B-79205CF6C9DE}.Debug|Any CPU.ActiveCfg = Debug|Any CPU
		{BA86FC6E-D804-4416-9E9B-79205CF6C9DE}.Debug|Any CPU.Build.0 = Debug|Any CPU
		{BA86FC6E-D804-4416-9E9B-79205CF6C9DE}.Release|Any CPU.ActiveCfg = Release|Any CPU
		{BA86FC6E-D804-4416-9E9B-79205CF6C9DE}.Release|Any CPU.Build.0 = Release|Any CPU
	EndGlobalSection
	GlobalSection(SolutionProperties) = preSolution
		HideSolutionNode = FALSE
	EndGlobalSection
	GlobalSection(ExtensibilityGlobals) = postSolution
		SolutionGuid = {521DEDAB-E0B2-4EA2-B405-0F1B0A1E3339}
	EndGlobalSection
EndGlobal
